// !$*UTF8*$!
{
	archiveVersion = 1;
	classes = {
	};
	objectVersion = 52;
	objects = {

/* Begin PBXBuildFile section */
		796C73AF26123AB300327BF1 /* AppDelegate.swift in Sources */ = {isa = PBXBuildFile; fileRef = 796C73AE26123AB300327BF1 /* AppDelegate.swift */; };
		796C73B126123AB300327BF1 /* SceneDelegate.swift in Sources */ = {isa = PBXBuildFile; fileRef = 796C73B026123AB300327BF1 /* SceneDelegate.swift */; };
		796C73B326123AB300327BF1 /* UserListVC.swift in Sources */ = {isa = PBXBuildFile; fileRef = 796C73B226123AB300327BF1 /* UserListVC.swift */; };
		796C73B626123AB300327BF1 /* Main.storyboard in Resources */ = {isa = PBXBuildFile; fileRef = 796C73B426123AB300327BF1 /* Main.storyboard */; };
		796C73B826123AB500327BF1 /* Assets.xcassets in Resources */ = {isa = PBXBuildFile; fileRef = 796C73B726123AB500327BF1 /* Assets.xcassets */; };
		796C73BB26123AB500327BF1 /* LaunchScreen.storyboard in Resources */ = {isa = PBXBuildFile; fileRef = 796C73B926123AB500327BF1 /* LaunchScreen.storyboard */; };
		796C73C626123AB600327BF1 /* GitHubUsersTests.swift in Sources */ = {isa = PBXBuildFile; fileRef = 796C73C526123AB600327BF1 /* GitHubUsersTests.swift */; };
		796C73D126123AB600327BF1 /* GitHubUsersUITests.swift in Sources */ = {isa = PBXBuildFile; fileRef = 796C73D026123AB600327BF1 /* GitHubUsersUITests.swift */; };
		796C73E82612416600327BF1 /* UserListViewCell.swift in Sources */ = {isa = PBXBuildFile; fileRef = 796C73E72612416600327BF1 /* UserListViewCell.swift */; };
		796C73ED261242CE00327BF1 /* UserRepo.swift in Sources */ = {isa = PBXBuildFile; fileRef = 796C73EC261242CE00327BF1 /* UserRepo.swift */; };
		796C73F2261242DF00327BF1 /* UserListVM.swift in Sources */ = {isa = PBXBuildFile; fileRef = 796C73F1261242DF00327BF1 /* UserListVM.swift */; };
		796C7409261244AE00327BF1 /* Cartfile.resolved in Resources */ = {isa = PBXBuildFile; fileRef = 796C7408261244AE00327BF1 /* Cartfile.resolved */; };
		796C74122612472E00327BF1 /* RxBlocking.xcframework in Frameworks */ = {isa = PBXBuildFile; fileRef = 796C740E2612472E00327BF1 /* RxBlocking.xcframework */; };
		796C74132612472F00327BF1 /* RxBlocking.xcframework in Embed Frameworks */ = {isa = PBXBuildFile; fileRef = 796C740E2612472E00327BF1 /* RxBlocking.xcframework */; settings = {ATTRIBUTES = (CodeSignOnCopy, RemoveHeadersOnCopy, ); }; };
		796C74142612472F00327BF1 /* RxRelay.xcframework in Frameworks */ = {isa = PBXBuildFile; fileRef = 796C740F2612472E00327BF1 /* RxRelay.xcframework */; };
		796C74152612472F00327BF1 /* RxRelay.xcframework in Embed Frameworks */ = {isa = PBXBuildFile; fileRef = 796C740F2612472E00327BF1 /* RxRelay.xcframework */; settings = {ATTRIBUTES = (CodeSignOnCopy, RemoveHeadersOnCopy, ); }; };
		796C74162612472F00327BF1 /* RxSwift.xcframework in Frameworks */ = {isa = PBXBuildFile; fileRef = 796C74102612472E00327BF1 /* RxSwift.xcframework */; };
		796C74172612472F00327BF1 /* RxSwift.xcframework in Embed Frameworks */ = {isa = PBXBuildFile; fileRef = 796C74102612472E00327BF1 /* RxSwift.xcframework */; settings = {ATTRIBUTES = (CodeSignOnCopy, RemoveHeadersOnCopy, ); }; };
		796C74182612472F00327BF1 /* RxCocoa.xcframework in Frameworks */ = {isa = PBXBuildFile; fileRef = 796C74112612472E00327BF1 /* RxCocoa.xcframework */; };
		796C74192612472F00327BF1 /* RxCocoa.xcframework in Embed Frameworks */ = {isa = PBXBuildFile; fileRef = 796C74112612472E00327BF1 /* RxCocoa.xcframework */; settings = {ATTRIBUTES = (CodeSignOnCopy, RemoveHeadersOnCopy, ); }; };
/* End PBXBuildFile section */

/* Begin PBXContainerItemProxy section */
		796C73C226123AB600327BF1 /* PBXContainerItemProxy */ = {
			isa = PBXContainerItemProxy;
			containerPortal = 796C73A326123AB300327BF1 /* Project object */;
			proxyType = 1;
			remoteGlobalIDString = 796C73AA26123AB300327BF1;
			remoteInfo = GitHubUsers;
		};
		796C73CD26123AB600327BF1 /* PBXContainerItemProxy */ = {
			isa = PBXContainerItemProxy;
			containerPortal = 796C73A326123AB300327BF1 /* Project object */;
			proxyType = 1;
			remoteGlobalIDString = 796C73AA26123AB300327BF1;
			remoteInfo = GitHubUsers;
		};
/* End PBXContainerItemProxy section */

/* Begin PBXCopyFilesBuildPhase section */
		796C741A2612472F00327BF1 /* Embed Frameworks */ = {
			isa = PBXCopyFilesBuildPhase;
			buildActionMask = 2147483647;
			dstPath = "";
			dstSubfolderSpec = 10;
			files = (
				796C74172612472F00327BF1 /* RxSwift.xcframework in Embed Frameworks */,
				796C74192612472F00327BF1 /* RxCocoa.xcframework in Embed Frameworks */,
				796C74132612472F00327BF1 /* RxBlocking.xcframework in Embed Frameworks */,
				796C74152612472F00327BF1 /* RxRelay.xcframework in Embed Frameworks */,
			);
			name = "Embed Frameworks";
			runOnlyForDeploymentPostprocessing = 0;
		};
/* End PBXCopyFilesBuildPhase section */

/* Begin PBXFileReference section */
		796C73AB26123AB300327BF1 /* GitHubUsers.app */ = {isa = PBXFileReference; explicitFileType = wrapper.application; includeInIndex = 0; path = GitHubUsers.app; sourceTree = BUILT_PRODUCTS_DIR; };
		796C73AE26123AB300327BF1 /* AppDelegate.swift */ = {isa = PBXFileReference; lastKnownFileType = sourcecode.swift; path = AppDelegate.swift; sourceTree = "<group>"; };
		796C73B026123AB300327BF1 /* SceneDelegate.swift */ = {isa = PBXFileReference; lastKnownFileType = sourcecode.swift; path = SceneDelegate.swift; sourceTree = "<group>"; };
		796C73B226123AB300327BF1 /* UserListVC.swift */ = {isa = PBXFileReference; lastKnownFileType = sourcecode.swift; path = UserListVC.swift; sourceTree = "<group>"; };
		796C73B526123AB300327BF1 /* Base */ = {isa = PBXFileReference; lastKnownFileType = file.storyboard; name = Base; path = Base.lproj/Main.storyboard; sourceTree = "<group>"; };
		796C73B726123AB500327BF1 /* Assets.xcassets */ = {isa = PBXFileReference; lastKnownFileType = folder.assetcatalog; path = Assets.xcassets; sourceTree = "<group>"; };
		796C73BA26123AB500327BF1 /* Base */ = {isa = PBXFileReference; lastKnownFileType = file.storyboard; name = Base; path = Base.lproj/LaunchScreen.storyboard; sourceTree = "<group>"; };
		796C73BC26123AB500327BF1 /* Info.plist */ = {isa = PBXFileReference; lastKnownFileType = text.plist.xml; path = Info.plist; sourceTree = "<group>"; };
		796C73C126123AB600327BF1 /* GitHubUsersTests.xctest */ = {isa = PBXFileReference; explicitFileType = wrapper.cfbundle; includeInIndex = 0; path = GitHubUsersTests.xctest; sourceTree = BUILT_PRODUCTS_DIR; };
		796C73C526123AB600327BF1 /* GitHubUsersTests.swift */ = {isa = PBXFileReference; lastKnownFileType = sourcecode.swift; path = GitHubUsersTests.swift; sourceTree = "<group>"; };
		796C73C726123AB600327BF1 /* Info.plist */ = {isa = PBXFileReference; lastKnownFileType = text.plist.xml; path = Info.plist; sourceTree = "<group>"; };
		796C73CC26123AB600327BF1 /* GitHubUsersUITests.xctest */ = {isa = PBXFileReference; explicitFileType = wrapper.cfbundle; includeInIndex = 0; path = GitHubUsersUITests.xctest; sourceTree = BUILT_PRODUCTS_DIR; };
		796C73D026123AB600327BF1 /* GitHubUsersUITests.swift */ = {isa = PBXFileReference; lastKnownFileType = sourcecode.swift; path = GitHubUsersUITests.swift; sourceTree = "<group>"; };
		796C73D226123AB600327BF1 /* Info.plist */ = {isa = PBXFileReference; lastKnownFileType = text.plist.xml; path = Info.plist; sourceTree = "<group>"; };
		796C73E72612416600327BF1 /* UserListViewCell.swift */ = {isa = PBXFileReference; lastKnownFileType = sourcecode.swift; path = UserListViewCell.swift; sourceTree = "<group>"; };
		796C73EC261242CE00327BF1 /* UserRepo.swift */ = {isa = PBXFileReference; lastKnownFileType = sourcecode.swift; path = UserRepo.swift; sourceTree = "<group>"; };
		796C73F1261242DF00327BF1 /* UserListVM.swift */ = {isa = PBXFileReference; lastKnownFileType = sourcecode.swift; path = UserListVM.swift; sourceTree = "<group>"; };
		796C74002612443F00327BF1 /* Cartfile */ = {isa = PBXFileReference; lastKnownFileType = text; path = Cartfile; sourceTree = "<group>"; };
		796C7408261244AE00327BF1 /* Cartfile.resolved */ = {isa = PBXFileReference; fileEncoding = 4; lastKnownFileType = text; path = Cartfile.resolved; sourceTree = "<group>"; };
		796C740E2612472E00327BF1 /* RxBlocking.xcframework */ = {isa = PBXFileReference; lastKnownFileType = wrapper.xcframework; name = RxBlocking.xcframework; path = Carthage/Build/RxBlocking.xcframework; sourceTree = "<group>"; };
		796C740F2612472E00327BF1 /* RxRelay.xcframework */ = {isa = PBXFileReference; lastKnownFileType = wrapper.xcframework; name = RxRelay.xcframework; path = Carthage/Build/RxRelay.xcframework; sourceTree = "<group>"; };
		796C74102612472E00327BF1 /* RxSwift.xcframework */ = {isa = PBXFileReference; lastKnownFileType = wrapper.xcframework; name = RxSwift.xcframework; path = Carthage/Build/RxSwift.xcframework; sourceTree = "<group>"; };
		796C74112612472E00327BF1 /* RxCocoa.xcframework */ = {isa = PBXFileReference; lastKnownFileType = wrapper.xcframework; name = RxCocoa.xcframework; path = Carthage/Build/RxCocoa.xcframework; sourceTree = "<group>"; };
/* End PBXFileReference section */

/* Begin PBXFrameworksBuildPhase section */
		796C73A826123AB300327BF1 /* Frameworks */ = {
			isa = PBXFrameworksBuildPhase;
			buildActionMask = 2147483647;
			files = (
				796C74162612472F00327BF1 /* RxSwift.xcframework in Frameworks */,
				796C74182612472F00327BF1 /* RxCocoa.xcframework in Frameworks */,
				796C74122612472E00327BF1 /* RxBlocking.xcframework in Frameworks */,
				796C74142612472F00327BF1 /* RxRelay.xcframework in Frameworks */,
			);
			runOnlyForDeploymentPostprocessing = 0;
		};
		796C73BE26123AB600327BF1 /* Frameworks */ = {
			isa = PBXFrameworksBuildPhase;
			buildActionMask = 2147483647;
			files = (
			);
			runOnlyForDeploymentPostprocessing = 0;
		};
		796C73C926123AB600327BF1 /* Frameworks */ = {
			isa = PBXFrameworksBuildPhase;
			buildActionMask = 2147483647;
			files = (
			);
			runOnlyForDeploymentPostprocessing = 0;
		};
/* End PBXFrameworksBuildPhase section */

/* Begin PBXGroup section */
		796C73A226123AB300327BF1 = {
			isa = PBXGroup;
			children = (
				796C74002612443F00327BF1 /* Cartfile */,
				796C7408261244AE00327BF1 /* Cartfile.resolved */,
				796C73AD26123AB300327BF1 /* GitHubUsers */,
				796C73C426123AB600327BF1 /* GitHubUsersTests */,
				796C73CF26123AB600327BF1 /* GitHubUsersUITests */,
				796C73AC26123AB300327BF1 /* Products */,
				796C740D2612472E00327BF1 /* Frameworks */,
			);
			sourceTree = "<group>";
		};
		796C73AC26123AB300327BF1 /* Products */ = {
			isa = PBXGroup;
			children = (
				796C73AB26123AB300327BF1 /* GitHubUsers.app */,
				796C73C126123AB600327BF1 /* GitHubUsersTests.xctest */,
				796C73CC26123AB600327BF1 /* GitHubUsersUITests.xctest */,
			);
			name = Products;
			sourceTree = "<group>";
		};
		796C73AD26123AB300327BF1 /* GitHubUsers */ = {
			isa = PBXGroup;
			children = (
				796C73AE26123AB300327BF1 /* AppDelegate.swift */,
				796C73B026123AB300327BF1 /* SceneDelegate.swift */,
				796C73F8261242FF00327BF1 /* Model */,
				796C73F6261242E200327BF1 /* View */,
				796C73F7261242F300327BF1 /* ViewModel */,
				796C73FC2612433600327BF1 /* Repository */,
				796C73B426123AB300327BF1 /* Main.storyboard */,
				796C73B726123AB500327BF1 /* Assets.xcassets */,
				796C73B926123AB500327BF1 /* LaunchScreen.storyboard */,
				796C73BC26123AB500327BF1 /* Info.plist */,
			);
			path = GitHubUsers;
			sourceTree = "<group>";
		};
		796C73C426123AB600327BF1 /* GitHubUsersTests */ = {
			isa = PBXGroup;
			children = (
				796C73C526123AB600327BF1 /* GitHubUsersTests.swift */,
				796C73C726123AB600327BF1 /* Info.plist */,
			);
			path = GitHubUsersTests;
			sourceTree = "<group>";
		};
		796C73CF26123AB600327BF1 /* GitHubUsersUITests */ = {
			isa = PBXGroup;
			children = (
				796C73D026123AB600327BF1 /* GitHubUsersUITests.swift */,
				796C73D226123AB600327BF1 /* Info.plist */,
			);
			path = GitHubUsersUITests;
			sourceTree = "<group>";
		};
		796C73F6261242E200327BF1 /* View */ = {
			isa = PBXGroup;
			children = (
				796C73B226123AB300327BF1 /* UserListVC.swift */,
				796C73E72612416600327BF1 /* UserListViewCell.swift */,
			);
			path = View;
			sourceTree = "<group>";
		};
		796C73F7261242F300327BF1 /* ViewModel */ = {
			isa = PBXGroup;
			children = (
				796C73F1261242DF00327BF1 /* UserListVM.swift */,
			);
			path = ViewModel;
			sourceTree = "<group>";
		};
		796C73F8261242FF00327BF1 /* Model */ = {
			isa = PBXGroup;
			children = (
			);
			path = Model;
			sourceTree = "<group>";
		};
		796C73FC2612433600327BF1 /* Repository */ = {
			isa = PBXGroup;
			children = (
				796C73EC261242CE00327BF1 /* UserRepo.swift */,
			);
			path = Repository;
			sourceTree = "<group>";
		};
		796C740D2612472E00327BF1 /* Frameworks */ = {
			isa = PBXGroup;
			children = (
				796C740E2612472E00327BF1 /* RxBlocking.xcframework */,
				796C74112612472E00327BF1 /* RxCocoa.xcframework */,
				796C740F2612472E00327BF1 /* RxRelay.xcframework */,
				796C74102612472E00327BF1 /* RxSwift.xcframework */,
			);
			name = Frameworks;
			sourceTree = "<group>";
		};
/* End PBXGroup section */

/* Begin PBXNativeTarget section */
		796C73AA26123AB300327BF1 /* GitHubUsers */ = {
			isa = PBXNativeTarget;
			buildConfigurationList = 796C73D526123AB600327BF1 /* Build configuration list for PBXNativeTarget "GitHubUsers" */;
			buildPhases = (
				796C73A726123AB300327BF1 /* Sources */,
				796C73A826123AB300327BF1 /* Frameworks */,
				796C73A926123AB300327BF1 /* Resources */,
				796C741A2612472F00327BF1 /* Embed Frameworks */,
			);
			buildRules = (
			);
			dependencies = (
			);
			name = GitHubUsers;
			productName = GitHubUsers;
			productReference = 796C73AB26123AB300327BF1 /* GitHubUsers.app */;
			productType = "com.apple.product-type.application";
		};
		796C73C026123AB600327BF1 /* GitHubUsersTests */ = {
			isa = PBXNativeTarget;
			buildConfigurationList = 796C73D826123AB600327BF1 /* Build configuration list for PBXNativeTarget "GitHubUsersTests" */;
			buildPhases = (
				796C73BD26123AB600327BF1 /* Sources */,
				796C73BE26123AB600327BF1 /* Frameworks */,
				796C73BF26123AB600327BF1 /* Resources */,
			);
			buildRules = (
			);
			dependencies = (
				796C73C326123AB600327BF1 /* PBXTargetDependency */,
			);
			name = GitHubUsersTests;
			productName = GitHubUsersTests;
			productReference = 796C73C126123AB600327BF1 /* GitHubUsersTests.xctest */;
			productType = "com.apple.product-type.bundle.unit-test";
		};
		796C73CB26123AB600327BF1 /* GitHubUsersUITests */ = {
			isa = PBXNativeTarget;
			buildConfigurationList = 796C73DB26123AB600327BF1 /* Build configuration list for PBXNativeTarget "GitHubUsersUITests" */;
			buildPhases = (
				796C73C826123AB600327BF1 /* Sources */,
				796C73C926123AB600327BF1 /* Frameworks */,
				796C73CA26123AB600327BF1 /* Resources */,
			);
			buildRules = (
			);
			dependencies = (
				796C73CE26123AB600327BF1 /* PBXTargetDependency */,
			);
			name = GitHubUsersUITests;
			productName = GitHubUsersUITests;
			productReference = 796C73CC26123AB600327BF1 /* GitHubUsersUITests.xctest */;
			productType = "com.apple.product-type.bundle.ui-testing";
		};
/* End PBXNativeTarget section */

/* Begin PBXProject section */
		796C73A326123AB300327BF1 /* Project object */ = {
			isa = PBXProject;
			attributes = {
				LastSwiftUpdateCheck = 1240;
				LastUpgradeCheck = 1240;
				TargetAttributes = {
					796C73AA26123AB300327BF1 = {
						CreatedOnToolsVersion = 12.4;
					};
					796C73C026123AB600327BF1 = {
						CreatedOnToolsVersion = 12.4;
						TestTargetID = 796C73AA26123AB300327BF1;
					};
					796C73CB26123AB600327BF1 = {
						CreatedOnToolsVersion = 12.4;
						TestTargetID = 796C73AA26123AB300327BF1;
					};
				};
			};
			buildConfigurationList = 796C73A626123AB300327BF1 /* Build configuration list for PBXProject "GitHubUsers" */;
			compatibilityVersion = "Xcode 9.3";
			developmentRegion = en;
			hasScannedForEncodings = 0;
			knownRegions = (
				en,
				Base,
			);
			mainGroup = 796C73A226123AB300327BF1;
			productRefGroup = 796C73AC26123AB300327BF1 /* Products */;
			projectDirPath = "";
			projectRoot = "";
			targets = (
				796C73AA26123AB300327BF1 /* GitHubUsers */,
				796C73C026123AB600327BF1 /* GitHubUsersTests */,
				796C73CB26123AB600327BF1 /* GitHubUsersUITests */,
			);
		};
/* End PBXProject section */

/* Begin PBXResourcesBuildPhase section */
		796C73A926123AB300327BF1 /* Resources */ = {
			isa = PBXResourcesBuildPhase;
			buildActionMask = 2147483647;
			files = (
				796C73BB26123AB500327BF1 /* LaunchScreen.storyboard in Resources */,
				796C7409261244AE00327BF1 /* Cartfile.resolved in Resources */,
				796C73B826123AB500327BF1 /* Assets.xcassets in Resources */,
				796C73B626123AB300327BF1 /* Main.storyboard in Resources */,
			);
			runOnlyForDeploymentPostprocessing = 0;
		};
		796C73BF26123AB600327BF1 /* Resources */ = {
			isa = PBXResourcesBuildPhase;
			buildActionMask = 2147483647;
			files = (
			);
			runOnlyForDeploymentPostprocessing = 0;
		};
		796C73CA26123AB600327BF1 /* Resources */ = {
			isa = PBXResourcesBuildPhase;
			buildActionMask = 2147483647;
			files = (
			);
			runOnlyForDeploymentPostprocessing = 0;
		};
/* End PBXResourcesBuildPhase section */

/* Begin PBXSourcesBuildPhase section */
		796C73A726123AB300327BF1 /* Sources */ = {
			isa = PBXSourcesBuildPhase;
			buildActionMask = 2147483647;
			files = (
				796C73B326123AB300327BF1 /* UserListVC.swift in Sources */,
				796C73AF26123AB300327BF1 /* AppDelegate.swift in Sources */,
				796C73B126123AB300327BF1 /* SceneDelegate.swift in Sources */,
				796C73ED261242CE00327BF1 /* UserRepo.swift in Sources */,
				796C73E82612416600327BF1 /* UserListViewCell.swift in Sources */,
				796C73F2261242DF00327BF1 /* UserListVM.swift in Sources */,
			);
			runOnlyForDeploymentPostprocessing = 0;
		};
		796C73BD26123AB600327BF1 /* Sources */ = {
			isa = PBXSourcesBuildPhase;
			buildActionMask = 2147483647;
			files = (
				796C73C626123AB600327BF1 /* GitHubUsersTests.swift in Sources */,
			);
			runOnlyForDeploymentPostprocessing = 0;
		};
		796C73C826123AB600327BF1 /* Sources */ = {
			isa = PBXSourcesBuildPhase;
			buildActionMask = 2147483647;
			files = (
				796C73D126123AB600327BF1 /* GitHubUsersUITests.swift in Sources */,
			);
			runOnlyForDeploymentPostprocessing = 0;
		};
/* End PBXSourcesBuildPhase section */

/* Begin PBXTargetDependency section */
		796C73C326123AB600327BF1 /* PBXTargetDependency */ = {
			isa = PBXTargetDependency;
			target = 796C73AA26123AB300327BF1 /* GitHubUsers */;
			targetProxy = 796C73C226123AB600327BF1 /* PBXContainerItemProxy */;
		};
		796C73CE26123AB600327BF1 /* PBXTargetDependency */ = {
			isa = PBXTargetDependency;
			target = 796C73AA26123AB300327BF1 /* GitHubUsers */;
			targetProxy = 796C73CD26123AB600327BF1 /* PBXContainerItemProxy */;
		};
/* End PBXTargetDependency section */

/* Begin PBXVariantGroup section */
		796C73B426123AB300327BF1 /* Main.storyboard */ = {
			isa = PBXVariantGroup;
			children = (
				796C73B526123AB300327BF1 /* Base */,
			);
			name = Main.storyboard;
			sourceTree = "<group>";
		};
		796C73B926123AB500327BF1 /* LaunchScreen.storyboard */ = {
			isa = PBXVariantGroup;
			children = (
				796C73BA26123AB500327BF1 /* Base */,
			);
			name = LaunchScreen.storyboard;
			sourceTree = "<group>";
		};
/* End PBXVariantGroup section */

/* Begin XCBuildConfiguration section */
		796C73D326123AB600327BF1 /* Debug */ = {
			isa = XCBuildConfiguration;
			buildSettings = {
				ALWAYS_SEARCH_USER_PATHS = NO;
				CLANG_ANALYZER_NONNULL = YES;
				CLANG_ANALYZER_NUMBER_OBJECT_CONVERSION = YES_AGGRESSIVE;
				CLANG_CXX_LANGUAGE_STANDARD = "gnu++14";
				CLANG_CXX_LIBRARY = "libc++";
				CLANG_ENABLE_MODULES = YES;
				CLANG_ENABLE_OBJC_ARC = YES;
				CLANG_ENABLE_OBJC_WEAK = YES;
				CLANG_WARN_BLOCK_CAPTURE_AUTORELEASING = YES;
				CLANG_WARN_BOOL_CONVERSION = YES;
				CLANG_WARN_COMMA = YES;
				CLANG_WARN_CONSTANT_CONVERSION = YES;
				CLANG_WARN_DEPRECATED_OBJC_IMPLEMENTATIONS = YES;
				CLANG_WARN_DIRECT_OBJC_ISA_USAGE = YES_ERROR;
				CLANG_WARN_DOCUMENTATION_COMMENTS = YES;
				CLANG_WARN_EMPTY_BODY = YES;
				CLANG_WARN_ENUM_CONVERSION = YES;
				CLANG_WARN_INFINITE_RECURSION = YES;
				CLANG_WARN_INT_CONVERSION = YES;
				CLANG_WARN_NON_LITERAL_NULL_CONVERSION = YES;
				CLANG_WARN_OBJC_IMPLICIT_RETAIN_SELF = YES;
				CLANG_WARN_OBJC_LITERAL_CONVERSION = YES;
				CLANG_WARN_OBJC_ROOT_CLASS = YES_ERROR;
				CLANG_WARN_QUOTED_INCLUDE_IN_FRAMEWORK_HEADER = YES;
				CLANG_WARN_RANGE_LOOP_ANALYSIS = YES;
				CLANG_WARN_STRICT_PROTOTYPES = YES;
				CLANG_WARN_SUSPICIOUS_MOVE = YES;
				CLANG_WARN_UNGUARDED_AVAILABILITY = YES_AGGRESSIVE;
				CLANG_WARN_UNREACHABLE_CODE = YES;
				CLANG_WARN__DUPLICATE_METHOD_MATCH = YES;
				COPY_PHASE_STRIP = NO;
				DEBUG_INFORMATION_FORMAT = dwarf;
				ENABLE_STRICT_OBJC_MSGSEND = YES;
				ENABLE_TESTABILITY = YES;
				GCC_C_LANGUAGE_STANDARD = gnu11;
				GCC_DYNAMIC_NO_PIC = NO;
				GCC_NO_COMMON_BLOCKS = YES;
				GCC_OPTIMIZATION_LEVEL = 0;
				GCC_PREPROCESSOR_DEFINITIONS = (
					"DEBUG=1",
					"$(inherited)",
				);
				GCC_WARN_64_TO_32_BIT_CONVERSION = YES;
				GCC_WARN_ABOUT_RETURN_TYPE = YES_ERROR;
				GCC_WARN_UNDECLARED_SELECTOR = YES;
				GCC_WARN_UNINITIALIZED_AUTOS = YES_AGGRESSIVE;
				GCC_WARN_UNUSED_FUNCTION = YES;
				GCC_WARN_UNUSED_VARIABLE = YES;
				IPHONEOS_DEPLOYMENT_TARGET = 14.4;
				MTL_ENABLE_DEBUG_INFO = INCLUDE_SOURCE;
				MTL_FAST_MATH = YES;
				ONLY_ACTIVE_ARCH = YES;
				SDKROOT = iphoneos;
				SWIFT_ACTIVE_COMPILATION_CONDITIONS = DEBUG;
				SWIFT_OPTIMIZATION_LEVEL = "-Onone";
			};
			name = Debug;
		};
		796C73D426123AB600327BF1 /* Release */ = {
			isa = XCBuildConfiguration;
			buildSettings = {
				ALWAYS_SEARCH_USER_PATHS = NO;
				CLANG_ANALYZER_NONNULL = YES;
				CLANG_ANALYZER_NUMBER_OBJECT_CONVERSION = YES_AGGRESSIVE;
				CLANG_CXX_LANGUAGE_STANDARD = "gnu++14";
				CLANG_CXX_LIBRARY = "libc++";
				CLANG_ENABLE_MODULES = YES;
				CLANG_ENABLE_OBJC_ARC = YES;
				CLANG_ENABLE_OBJC_WEAK = YES;
				CLANG_WARN_BLOCK_CAPTURE_AUTORELEASING = YES;
				CLANG_WARN_BOOL_CONVERSION = YES;
				CLANG_WARN_COMMA = YES;
				CLANG_WARN_CONSTANT_CONVERSION = YES;
				CLANG_WARN_DEPRECATED_OBJC_IMPLEMENTATIONS = YES;
				CLANG_WARN_DIRECT_OBJC_ISA_USAGE = YES_ERROR;
				CLANG_WARN_DOCUMENTATION_COMMENTS = YES;
				CLANG_WARN_EMPTY_BODY = YES;
				CLANG_WARN_ENUM_CONVERSION = YES;
				CLANG_WARN_INFINITE_RECURSION = YES;
				CLANG_WARN_INT_CONVERSION = YES;
				CLANG_WARN_NON_LITERAL_NULL_CONVERSION = YES;
				CLANG_WARN_OBJC_IMPLICIT_RETAIN_SELF = YES;
				CLANG_WARN_OBJC_LITERAL_CONVERSION = YES;
				CLANG_WARN_OBJC_ROOT_CLASS = YES_ERROR;
				CLANG_WARN_QUOTED_INCLUDE_IN_FRAMEWORK_HEADER = YES;
				CLANG_WARN_RANGE_LOOP_ANALYSIS = YES;
				CLANG_WARN_STRICT_PROTOTYPES = YES;
				CLANG_WARN_SUSPICIOUS_MOVE = YES;
				CLANG_WARN_UNGUARDED_AVAILABILITY = YES_AGGRESSIVE;
				CLANG_WARN_UNREACHABLE_CODE = YES;
				CLANG_WARN__DUPLICATE_METHOD_MATCH = YES;
				COPY_PHASE_STRIP = NO;
				DEBUG_INFORMATION_FORMAT = "dwarf-with-dsym";
				ENABLE_NS_ASSERTIONS = NO;
				ENABLE_STRICT_OBJC_MSGSEND = YES;
				GCC_C_LANGUAGE_STANDARD = gnu11;
				GCC_NO_COMMON_BLOCKS = YES;
				GCC_WARN_64_TO_32_BIT_CONVERSION = YES;
				GCC_WARN_ABOUT_RETURN_TYPE = YES_ERROR;
				GCC_WARN_UNDECLARED_SELECTOR = YES;
				GCC_WARN_UNINITIALIZED_AUTOS = YES_AGGRESSIVE;
				GCC_WARN_UNUSED_FUNCTION = YES;
				GCC_WARN_UNUSED_VARIABLE = YES;
				IPHONEOS_DEPLOYMENT_TARGET = 14.4;
				MTL_ENABLE_DEBUG_INFO = NO;
				MTL_FAST_MATH = YES;
				SDKROOT = iphoneos;
				SWIFT_COMPILATION_MODE = wholemodule;
				SWIFT_OPTIMIZATION_LEVEL = "-O";
				VALIDATE_PRODUCT = YES;
			};
			name = Release;
		};
		796C73D626123AB600327BF1 /* Debug */ = {
			isa = XCBuildConfiguration;
			buildSettings = {
				ASSETCATALOG_COMPILER_APPICON_NAME = AppIcon;
				ASSETCATALOG_COMPILER_GLOBAL_ACCENT_COLOR_NAME = AccentColor;
				CODE_SIGN_STYLE = Automatic;
				INFOPLIST_FILE = GitHubUsers/Info.plist;
				LD_RUNPATH_SEARCH_PATHS = (
					"$(inherited)",
					"@executable_path/Frameworks",
				);
				PRODUCT_BUNDLE_IDENTIFIER = com.ndthanh.GitHubUsers;
				PRODUCT_NAME = "$(TARGET_NAME)";
				SWIFT_VERSION = 5.0;
				TARGETED_DEVICE_FAMILY = 1;
			};
			name = Debug;
		};
		796C73D726123AB600327BF1 /* Release */ = {
			isa = XCBuildConfiguration;
			buildSettings = {
				ASSETCATALOG_COMPILER_APPICON_NAME = AppIcon;
				ASSETCATALOG_COMPILER_GLOBAL_ACCENT_COLOR_NAME = AccentColor;
				CODE_SIGN_STYLE = Automatic;
				INFOPLIST_FILE = GitHubUsers/Info.plist;
				LD_RUNPATH_SEARCH_PATHS = (
					"$(inherited)",
					"@executable_path/Frameworks",
				);
				PRODUCT_BUNDLE_IDENTIFIER = com.ndthanh.GitHubUsers;
				PRODUCT_NAME = "$(TARGET_NAME)";
				SWIFT_VERSION = 5.0;
				TARGETED_DEVICE_FAMILY = 1;
			};
			name = Release;
		};
		796C73D926123AB600327BF1 /* Debug */ = {
			isa = XCBuildConfiguration;
			buildSettings = {
				ALWAYS_EMBED_SWIFT_STANDARD_LIBRARIES = YES;
				BUNDLE_LOADER = "$(TEST_HOST)";
				CODE_SIGN_STYLE = Automatic;
				INFOPLIST_FILE = GitHubUsersTests/Info.plist;
				IPHONEOS_DEPLOYMENT_TARGET = 14.4;
				LD_RUNPATH_SEARCH_PATHS = (
					"$(inherited)",
					"@executable_path/Frameworks",
					"@loader_path/Frameworks",
				);
				PRODUCT_BUNDLE_IDENTIFIER = com.ndthanh.GitHubUsersTests;
				PRODUCT_NAME = "$(TARGET_NAME)";
				SWIFT_VERSION = 5.0;
				TARGETED_DEVICE_FAMILY = "1,2";
				TEST_HOST = "$(BUILT_PRODUCTS_DIR)/GitHubUsers.app/GitHubUsers";
			};
			name = Debug;
		};
		796C73DA26123AB600327BF1 /* Release */ = {
			isa = XCBuildConfiguration;
			buildSettings = {
				ALWAYS_EMBED_SWIFT_STANDARD_LIBRARIES = YES;
				BUNDLE_LOADER = "$(TEST_HOST)";
				CODE_SIGN_STYLE = Automatic;
				INFOPLIST_FILE = GitHubUsersTests/Info.plist;
				IPHONEOS_DEPLOYMENT_TARGET = 14.4;
				LD_RUNPATH_SEARCH_PATHS = (
					"$(inherited)",
					"@executable_path/Frameworks",
					"@loader_path/Frameworks",
				);
				PRODUCT_BUNDLE_IDENTIFIER = com.ndthanh.GitHubUsersTests;
				PRODUCT_NAME = "$(TARGET_NAME)";
				SWIFT_VERSION = 5.0;
				TARGETED_DEVICE_FAMILY = "1,2";
				TEST_HOST = "$(BUILT_PRODUCTS_DIR)/GitHubUsers.app/GitHubUsers";
			};
			name = Release;
		};
		796C73DC26123AB600327BF1 /* Debug */ = {
			isa = XCBuildConfiguration;
			buildSettings = {
				ALWAYS_EMBED_SWIFT_STANDARD_LIBRARIES = YES;
				CODE_SIGN_STYLE = Automatic;
				INFOPLIST_FILE = GitHubUsersUITests/Info.plist;
				LD_RUNPATH_SEARCH_PATHS = (
					"$(inherited)",
					"@executable_path/Frameworks",
					"@loader_path/Frameworks",
				);
				PRODUCT_BUNDLE_IDENTIFIER = com.ndthanh.GitHubUsersUITests;
				PRODUCT_NAME = "$(TARGET_NAME)";
				SWIFT_VERSION = 5.0;
				TARGETED_DEVICE_FAMILY = "1,2";
				TEST_TARGET_NAME = GitHubUsers;
			};
			name = Debug;
		};
		796C73DD26123AB600327BF1 /* Release */ = {
			isa = XCBuildConfiguration;
			buildSettings = {
				ALWAYS_EMBED_SWIFT_STANDARD_LIBRARIES = YES;
				CODE_SIGN_STYLE = Automatic;
				INFOPLIST_FILE = GitHubUsersUITests/Info.plist;
				LD_RUNPATH_SEARCH_PATHS = (
					"$(inherited)",
					"@executable_path/Frameworks",
					"@loader_path/Frameworks",
				);
				PRODUCT_BUNDLE_IDENTIFIER = com.ndthanh.GitHubUsersUITests;
				PRODUCT_NAME = "$(TARGET_NAME)";
				SWIFT_VERSION = 5.0;
				TARGETED_DEVICE_FAMILY = "1,2";
				TEST_TARGET_NAME = GitHubUsers;
			};
			name = Release;
		};
/* End XCBuildConfiguration section */

/* Begin XCConfigurationList section */
		796C73A626123AB300327BF1 /* Build configuration list for PBXProject "GitHubUsers" */ = {
			isa = XCConfigurationList;
			buildConfigurations = (
				796C73D326123AB600327BF1 /* Debug */,
				796C73D426123AB600327BF1 /* Release */,
			);
			defaultConfigurationIsVisible = 0;
			defaultConfigurationName = Release;
		};
		796C73D526123AB600327BF1 /* Build configuration list for PBXNativeTarget "GitHubUsers" */ = {
			isa = XCConfigurationList;
			buildConfigurations = (
				796C73D626123AB600327BF1 /* Debug */,
				796C73D726123AB600327BF1 /* Release */,
			);
			defaultConfigurationIsVisible = 0;
			defaultConfigurationName = Release;
		};
		796C73D826123AB600327BF1 /* Build configuration list for PBXNativeTarget "GitHubUsersTests" */ = {
			isa = XCConfigurationList;
			buildConfigurations = (
				796C73D926123AB600327BF1 /* Debug */,
				796C73DA26123AB600327BF1 /* Release */,
			);
			defaultConfigurationIsVisible = 0;
			defaultConfigurationName = Release;
		};
		796C73DB26123AB600327BF1 /* Build configuration list for PBXNativeTarget "GitHubUsersUITests" */ = {
			isa = XCConfigurationList;
			buildConfigurations = (
				796C73DC26123AB600327BF1 /* Debug */,
				796C73DD26123AB600327BF1 /* Release */,
			);
			defaultConfigurationIsVisible = 0;
			defaultConfigurationName = Release;
		};
/* End XCConfigurationList section */
	};
	rootObject = 796C73A326123AB300327BF1 /* Project object */;
}
